<?xml version="1.0" encoding="utf-8"?>
<Project ToolsVersion="4.0" xmlns="http://schemas.microsoft.com/developer/msbuild/2003">
  <ItemGroup>
    <Filter Include="Source">
      <UniqueIdentifier>{bd77b329-dc32-4ca0-89e5-9d83ef0b7df9}</UniqueIdentifier>
    </Filter>
  </ItemGroup>
  <ItemGroup>
    <ClCompile Include="Source\main.cpp">
      <Filter>Source</Filter>
    </ClCompile>
    <ClCompile Include="Source\day1.cpp">
      <Filter>Source</Filter>
    </ClCompile>
    <ClCompile Include="Source\day2.cpp">
      <Filter>Source</Filter>
    </ClCompile>
    <ClCompile Include="Source\day3.cpp">
      <Filter>Source</Filter>
    </ClCompile>
  </ItemGroup>
  <ItemGroup>
    <ClInclude Include="Source\days.hpp">
      <Filter>Source</Filter>
    </ClInclude>
  </ItemGroup>
</Project>